
Microsoft Visual Studio Solution File, Format Version 12.00
# Visual Studio Version 17
VisualStudioVersion = 17.2.32505.173
MinimumVisualStudioVersion = 10.0.40219.1
Project("{9A19103F-16F7-4668-BE54-9A1E7A4F7556}") = "Presentation.Web", "Presentation.Web\Presentation.Web.csproj", "{D5B979A7-F6A5-42F6-AFD6-C3779282E242}"
EndProject
Project("{FAE04EC0-301F-11D3-BF4B-00C04F79EFBC}") = "Domain", "Domain\Domain.csproj", "{1389D2EF-6F6F-4E39-BA86-D5BCDD918AEF}"
EndProject
Project("{FAE04EC0-301F-11D3-BF4B-00C04F79EFBC}") = "TestGraphQlClient", "TestGraphQlClient\TestGraphQlClient.csproj", "{1DC481B9-082B-4E0C-AEEC-783FB395CCC0}"
EndProject
Global
	GlobalSection(SolutionConfigurationPlatforms) = preSolution
		Debug|Any CPU = Debug|Any CPU
		Release|Any CPU = Release|Any CPU
	EndGlobalSection
	GlobalSection(ProjectConfigurationPlatforms) = postSolution
		{D5B979A7-F6A5-42F6-AFD6-C3779282E242}.Debug|Any CPU.ActiveCfg = Debug|Any CPU
		{D5B979A7-F6A5-42F6-AFD6-C3779282E242}.Debug|Any CPU.Build.0 = Debug|Any CPU
		{D5B979A7-F6A5-42F6-AFD6-C3779282E242}.Release|Any CPU.ActiveCfg = Release|Any CPU
		{D5B979A7-F6A5-42F6-AFD6-C3779282E242}.Release|Any CPU.Build.0 = Release|Any CPU
		{1389D2EF-6F6F-4E39-BA86-D5BCDD918AEF}.Debug|Any CPU.ActiveCfg = Debug|Any CPU
		{1389D2EF-6F6F-4E39-BA86-D5BCDD918AEF}.Debug|Any CPU.Build.0 = Debug|Any CPU
		{1389D2EF-6F6F-4E39-BA86-D5BCDD918AEF}.Release|Any CPU.ActiveCfg = Release|Any CPU
		{1389D2EF-6F6F-4E39-BA86-D5BCDD918AEF}.Release|Any CPU.Build.0 = Release|Any CPU
		{1DC481B9-082B-4E0C-AEEC-783FB395CCC0}.Debug|Any CPU.ActiveCfg = Debug|Any CPU
		{1DC481B9-082B-4E0C-AEEC-783FB395CCC0}.Debug|Any CPU.Build.0 = Debug|Any CPU
		{1DC481B9-082B-4E0C-AEEC-783FB395CCC0}.Release|Any CPU.ActiveCfg = Release|Any CPU
		{1DC481B9-082B-4E0C-AEEC-783FB395CCC0}.Release|Any CPU.Build.0 = Release|Any CPU
	EndGlobalSection
	GlobalSection(SolutionProperties) = preSolution
		HideSolutionNode = FALSE
	EndGlobalSection
	GlobalSection(ExtensibilityGlobals) = postSolution
		SolutionGuid = {41BA92EC-1EFA-4160-B7A8-0B1FCD48BBFF}
	EndGlobalSection
EndGlobal
